{
  "name": "geometric-interior-app",
  "version": "1.0.0",
  "lockfileVersion": 3,
  "requires": true,
  "packages": {
    "": {
      "name": "geometric-interior-app",
      "version": "1.0.0",
      "license": "ISC",
      "dependencies": {
        "@memeticode/geometric-interior": "^0.1.0"
      }
    },
    "node_modules/@memeticode/geometric-interior": {
      "version": "0.1.0",
      "resolved": "https://registry.npmjs.org/@memeticode/geometric-interior/-/geometric-interior-0.1.0.tgz",
      "integrity": "sha512-WLzkitfi/BZBwR5TVWvRpV93squjD/hyf12zcnw7TEPc9QwDKrhl8IL4fYR8QqphdAN9VoRxaR3SlPoBUFw0OA==",
      "license": "MIT",
      "dependencies": {
        "postprocessing": "^6.39.5",
        "three": "^0.172.0"
      }
    },
    "node_modules/postprocessing": {
      "version": "6.39.5",
      "resolved": "https://registry.npmjs.org/postprocessing/-/postprocessing-6.39.5.tgz",
      "integrity": "sha512-YmH+t74J2X1lwYjKzK/tgs9C9kqWWPB9JwZiDF5mEf4BdCEAmEFbO8lXBA7NM0/j4g+x6FgD/Tt5/kT7ogbEDA==",
      "license": "Zlib",
      "peerDependencies": {
        "three": ">= 0.168.0 < 0.187.0"
      }
    },
    "node_modules/three": {
      "version": "0.172.0",
      "resolved": "https://registry.npmjs.org/three/-/three-0.172.0.tgz",
      "integrity": "sha512-6HMgMlzU97MsV7D/tY8Va38b83kz8YJX+BefKjspMNAv0Vx6dxMogHOrnRl/sbMIs3BPUKijPqDqJ/+UwJbIow==",
      "license": "MIT"
    }
  }
}
